
Microsoft Visual Studio Solution File, Format Version 12.00
# Visual Studio Version 16
VisualStudioVersion = 16.0.28803.202
MinimumVisualStudioVersion = 10.0.40219.1
Project("{FAE04EC0-301F-11D3-BF4B-00C04F79EFBC}") = "SKYNET.INISerializer", "SKYNET.INISerializer\SKYNET.INISerializer.csproj", "{34B96031-5978-4679-BC64-69C65B40B4D7}"
EndProject
Global
	GlobalSection(SolutionConfigurationPlatforms) = preSolution
		Debug|Any CPU = Debug|Any CPU
		Release|Any CPU = Release|Any CPU
	EndGlobalSection
	GlobalSection(ProjectConfigurationPlatforms) = postSolution
		{34B96031-5978-4679-BC64-69C65B40B4D7}.Debug|Any CPU.ActiveCfg = Debug|Any CPU
		{34B96031-5978-4679-BC64-69C65B40B4D7}.Debug|Any CPU.Build.0 = Debug|Any CPU
		{34B96031-5978-4679-BC64-69C65B40B4D7}.Release|Any CPU.ActiveCfg = Release|Any CPU
		{34B96031-5978-4679-BC64-69C65B40B4D7}.Release|Any CPU.Build.0 = Release|Any CPU
	EndGlobalSection
	GlobalSection(SolutionProperties) = preSolution
		HideSolutionNode = FALSE
	EndGlobalSection
	GlobalSection(ExtensibilityGlobals) = postSolution
		SolutionGuid = {632B4B7E-25E9-4D51-AD86-D75BB28E4F97}
	EndGlobalSection
EndGlobal
